// !$*UTF8*$!
{
	archiveVersion = 1;
	classes = {
	};
	objectVersion = 77;
	objects = {

/* Begin PBXContainerItemProxy section */
		B46ED18C2DEB18D900A003C5 /* PBXContainerItemProxy */ = {
			isa = PBXContainerItemProxy;
			containerPortal = B46ED1762DEB18D700A003C5 /* Project object */;
			proxyType = 1;
			remoteGlobalIDString = B46ED17D2DEB18D700A003C5;
			remoteInfo = swifttodo;
		};
		B46ED1962DEB18D900A003C5 /* PBXContainerItemProxy */ = {
			isa = PBXContainerItemProxy;
			containerPortal = B46ED1762DEB18D700A003C5 /* Project object */;
			proxyType = 1;
			remoteGlobalIDString = B46ED17D2DEB18D700A003C5;
			remoteInfo = swifttodo;
		};
/* End PBXContainerItemProxy section */

/* Begin PBXFileReference section */
		B46ED17E2DEB18D700A003C5 /* swifttodo.app */ = {isa = PBXFileReference; explicitFileType = wrapper.application; includeInIndex = 0; path = swifttodo.app; sourceTree = BUILT_PRODUCTS_DIR; };
		B46ED18B2DEB18D900A003C5 /* swifttodoTests.xctest */ = {isa = PBXFileReference; explicitFileType = wrapper.cfbundle; includeInIndex = 0; path = swifttodoTests.xctest; sourceTree = BUILT_PRODUCTS_DIR; };
		B46ED1952DEB18D900A003C5 /* swifttodoUITests.xctest */ = {isa = PBXFileReference; explicitFileType = wrapper.cfbundle; includeInIndex = 0; path = swifttodoUITests.xctest; sourceTree = BUILT_PRODUCTS_DIR; };
/* End PBXFileReference section */

/* Begin PBXFileSystemSynchronizedRootGroup section */
		B46ED1802DEB18D700A003C5 /* swifttodo */ = {
			isa = PBXFileSystemSynchronizedRootGroup;
			path = swifttodo;
			sourceTree = "<group>";
		};
		B46ED18E2DEB18D900A003C5 /* swifttodoTests */ = {
			isa = PBXFileSystemSynchronizedRootGroup;
			path = swifttodoTests;
			sourceTree = "<group>";
		};
		B46ED1982DEB18D900A003C5 /* swifttodoUITests */ = {
			isa = PBXFileSystemSynchronizedRootGroup;
			path = swifttodoUITests;
			sourceTree = "<group>";
		};
/* End PBXFileSystemSynchronizedRootGroup section */

/* Begin PBXFrameworksBuildPhase section */
		B46ED17B2DEB18D700A003C5 /* Frameworks */ = {
			isa = PBXFrameworksBuildPhase;
			buildActionMask = 2147483647;
			files = (
			);
			runOnlyForDeploymentPostprocessing = 0;
		};
		B46ED1882DEB18D900A003C5 /* Frameworks */ = {
			isa = PBXFrameworksBuildPhase;
			buildActionMask = 2147483647;
			files = (
			);
			runOnlyForDeploymentPostprocessing = 0;
		};
		B46ED1922DEB18D900A003C5 /* Frameworks */ = {
			isa = PBXFrameworksBuildPhase;
			buildActionMask = 2147483647;
			files = (
			);
			runOnlyForDeploymentPostprocessing = 0;
		};
/* End PBXFrameworksBuildPhase section */

/* Begin PBXGroup section */
		B46ED1752DEB18D700A003C5 = {
			isa = PBXGroup;
			children = (
				B46ED1802DEB18D700A003C5 /* swifttodo */,
				B46ED18E2DEB18D900A003C5 /* swifttodoTests */,
				B46ED1982DEB18D900A003C5 /* swifttodoUITests */,
				B46ED17F2DEB18D700A003C5 /* Products */,
			);
			sourceTree = "<group>";
		};
		B46ED17F2DEB18D700A003C5 /* Products */ = {
			isa = PBXGroup;
			children = (
				B46ED17E2DEB18D700A003C5 /* swifttodo.app */,
				B46ED18B2DEB18D900A003C5 /* swifttodoTests.xctest */,
				B46ED1952DEB18D900A003C5 /* swifttodoUITests.xctest */,
			);
			name = Products;
			sourceTree = "<group>";
		};
/* End PBXGroup section */

/* Begin PBXNativeTarget section */
		B46ED17D2DEB18D700A003C5 /* swifttodo */ = {
			isa = PBXNativeTarget;
			buildConfigurationList = B46ED19F2DEB18D900A003C5 /* Build configuration list for PBXNativeTarget "swifttodo" */;
			buildPhases = (
				B46ED17A2DEB18D700A003C5 /* Sources */,
				B46ED17B2DEB18D700A003C5 /* Frameworks */,
				B46ED17C2DEB18D700A003C5 /* Resources */,
			);
			buildRules = (
			);
			dependencies = (
			);
			fileSystemSynchronizedGroups = (
				B46ED1802DEB18D700A003C5 /* swifttodo */,
			);
			name = swifttodo;
			packageProductDependencies = (
			);
			productName = swifttodo;
			productReference = B46ED17E2DEB18D700A003C5 /* swifttodo.app */;
			productType = "com.apple.product-type.application";
		};
		B46ED18A2DEB18D900A003C5 /* swifttodoTests */ = {
			isa = PBXNativeTarget;
			buildConfigurationList = B46ED1A22DEB18D900A003C5 /* Build configuration list for PBXNativeTarget "swifttodoTests" */;
			buildPhases = (
				B46ED1872DEB18D900A003C5 /* Sources */,
				B46ED1882DEB18D900A003C5 /* Frameworks */,
				B46ED1892DEB18D900A003C5 /* Resources */,
			);
			buildRules = (
			);
			dependencies = (
				B46ED18D2DEB18D900A003C5 /* PBXTargetDependency */,
			);
			fileSystemSynchronizedGroups = (
				B46ED18E2DEB18D900A003C5 /* swifttodoTests */,
			);
			name = swifttodoTests;
			packageProductDependencies = (
			);
			productName = swifttodoTests;
			productReference = B46ED18B2DEB18D900A003C5 /* swifttodoTests.xctest */;
			productType = "com.apple.product-type.bundle.unit-test";
		};
		B46ED1942DEB18D900A003C5 /* swifttodoUITests */ = {
			isa = PBXNativeTarget;
			buildConfigurationList = B46ED1A52DEB18D900A003C5 /* Build configuration list for PBXNativeTarget "swifttodoUITests" */;
			buildPhases = (
				B46ED1912DEB18D900A003C5 /* Sources */,
				B46ED1922DEB18D900A003C5 /* Frameworks */,
				B46ED1932DEB18D900A003C5 /* Resources */,
			);
			buildRules = (
			);
			dependencies = (
				B46ED1972DEB18D900A003C5 /* PBXTargetDependency */,
			);
			fileSystemSynchronizedGroups = (
				B46ED1982DEB18D900A003C5 /* swifttodoUITests */,
			);
			name = swifttodoUITests;
			packageProductDependencies = (
			);
			productName = swifttodoUITests;
			productReference = B46ED1952DEB18D900A003C5 /* swifttodoUITests.xctest */;
			productType = "com.apple.product-type.bundle.ui-testing";
		};
/* End PBXNativeTarget section */

/* Begin PBXProject section */
		B46ED1762DEB18D700A003C5 /* Project object */ = {
			isa = PBXProject;
			attributes = {
				BuildIndependentTargetsInParallel = 1;
				LastSwiftUpdateCheck = 1640;
				LastUpgradeCheck = 1640;
				TargetAttributes = {
					B46ED17D2DEB18D700A003C5 = {
						CreatedOnToolsVersion = 16.4;
					};
					B46ED18A2DEB18D900A003C5 = {
						CreatedOnToolsVersion = 16.4;
						TestTargetID = B46ED17D2DEB18D700A003C5;
					};
					B46ED1942DEB18D900A003C5 = {
						CreatedOnToolsVersion = 16.4;
						TestTargetID = B46ED17D2DEB18D700A003C5;
					};
				};
			};
			buildConfigurationList = B46ED1792DEB18D700A003C5 /* Build configuration list for PBXProject "swifttodo" */;
			developmentRegion = en;
			hasScannedForEncodings = 0;
			knownRegions = (
				en,
				Base,
			);
			mainGroup = B46ED1752DEB18D700A003C5;
			minimizedProjectReferenceProxies = 1;
			preferredProjectObjectVersion = 77;
			productRefGroup = B46ED17F2DEB18D700A003C5 /* Products */;
			projectDirPath = "";
			projectRoot = "";
			targets = (
				B46ED17D2DEB18D700A003C5 /* swifttodo */,
				B46ED18A2DEB18D900A003C5 /* swifttodoTests */,
				B46ED1942DEB18D900A003C5 /* swifttodoUITests */,
			);
		};
/* End PBXProject section */

/* Begin PBXResourcesBuildPhase section */
		B46ED17C2DEB18D700A003C5 /* Resources */ = {
			isa = PBXResourcesBuildPhase;
			buildActionMask = 2147483647;
			files = (
			);
			runOnlyForDeploymentPostprocessing = 0;
		};
		B46ED1892DEB18D900A003C5 /* Resources */ = {
			isa = PBXResourcesBuildPhase;
			buildActionMask = 2147483647;
			files = (
			);
			runOnlyForDeploymentPostprocessing = 0;
		};
		B46ED1932DEB18D900A003C5 /* Resources */ = {
			isa = PBXResourcesBuildPhase;
			buildActionMask = 2147483647;
			files = (
			);
			runOnlyForDeploymentPostprocessing = 0;
		};
/* End PBXResourcesBuildPhase section */

/* Begin PBXSourcesBuildPhase section */
		B46ED17A2DEB18D700A003C5 /* Sources */ = {
			isa = PBXSourcesBuildPhase;
			buildActionMask = 2147483647;
			files = (
			);
			runOnlyForDeploymentPostprocessing = 0;
		};
		B46ED1872DEB18D900A003C5 /* Sources */ = {
			isa = PBXSourcesBuildPhase;
			buildActionMask = 2147483647;
			files = (
			);
			runOnlyForDeploymentPostprocessing = 0;
		};
		B46ED1912DEB18D900A003C5 /* Sources */ = {
			isa = PBXSourcesBuildPhase;
			buildActionMask = 2147483647;
			files = (
			);
			runOnlyForDeploymentPostprocessing = 0;
		};
/* End PBXSourcesBuildPhase section */

/* Begin PBXTargetDependency section */
		B46ED18D2DEB18D900A003C5 /* PBXTargetDependency */ = {
			isa = PBXTargetDependency;
			target = B46ED17D2DEB18D700A003C5 /* swifttodo */;
			targetProxy = B46ED18C2DEB18D900A003C5 /* PBXContainerItemProxy */;
		};
		B46ED1972DEB18D900A003C5 /* PBXTargetDependency */ = {
			isa = PBXTargetDependency;
			target = B46ED17D2DEB18D700A003C5 /* swifttodo */;
			targetProxy = B46ED1962DEB18D900A003C5 /* PBXContainerItemProxy */;
		};
/* End PBXTargetDependency section */

/* Begin XCBuildConfiguration section */
		B46ED19D2DEB18D900A003C5 /* Debug */ = {
			isa = XCBuildConfiguration;
			buildSettings = {
				ALWAYS_SEARCH_USER_PATHS = NO;
				ASSETCATALOG_COMPILER_GENERATE_SWIFT_ASSET_SYMBOL_EXTENSIONS = YES;
				CLANG_ANALYZER_NONNULL = YES;
				CLANG_ANALYZER_NUMBER_OBJECT_CONVERSION = YES_AGGRESSIVE;
				CLANG_CXX_LANGUAGE_STANDARD = "gnu++20";
				CLANG_ENABLE_MODULES = YES;
				CLANG_ENABLE_OBJC_ARC = YES;
				CLANG_ENABLE_OBJC_WEAK = YES;
				CLANG_WARN_BLOCK_CAPTURE_AUTORELEASING = YES;
				CLANG_WARN_BOOL_CONVERSION = YES;
				CLANG_WARN_COMMA = YES;
				CLANG_WARN_CONSTANT_CONVERSION = YES;
				CLANG_WARN_DEPRECATED_OBJC_IMPLEMENTATIONS = YES;
				CLANG_WARN_DIRECT_OBJC_ISA_USAGE = YES_ERROR;
				CLANG_WARN_DOCUMENTATION_COMMENTS = YES;
				CLANG_WARN_EMPTY_BODY = YES;
				CLANG_WARN_ENUM_CONVERSION = YES;
				CLANG_WARN_INFINITE_RECURSION = YES;
				CLANG_WARN_INT_CONVERSION = YES;
				CLANG_WARN_NON_LITERAL_NULL_CONVERSION = YES;
				CLANG_WARN_OBJC_IMPLICIT_RETAIN_SELF = YES;
				CLANG_WARN_OBJC_LITERAL_CONVERSION = YES;
				CLANG_WARN_OBJC_ROOT_CLASS = YES_ERROR;
				CLANG_WARN_QUOTED_INCLUDE_IN_FRAMEWORK_HEADER = YES;
				CLANG_WARN_RANGE_LOOP_ANALYSIS = YES;
				CLANG_WARN_STRICT_PROTOTYPES = YES;
				CLANG_WARN_SUSPICIOUS_MOVE = YES;
				CLANG_WARN_UNGUARDED_AVAILABILITY = YES_AGGRESSIVE;
				CLANG_WARN_UNREACHABLE_CODE = YES;
				CLANG_WARN__DUPLICATE_METHOD_MATCH = YES;
				COPY_PHASE_STRIP = NO;
				DEBUG_INFORMATION_FORMAT = dwarf;
				ENABLE_STRICT_OBJC_MSGSEND = YES;
				ENABLE_TESTABILITY = YES;
				ENABLE_USER_SCRIPT_SANDBOXING = YES;
				GCC_C_LANGUAGE_STANDARD = gnu17;
				GCC_DYNAMIC_NO_PIC = NO;
				GCC_NO_COMMON_BLOCKS = YES;
				GCC_OPTIMIZATION_LEVEL = 0;
				GCC_PREPROCESSOR_DEFINITIONS = (
					"DEBUG=1",
					"$(inherited)",
				);
				GCC_WARN_64_TO_32_BIT_CONVERSION = YES;
				GCC_WARN_ABOUT_RETURN_TYPE = YES_ERROR;
				GCC_WARN_UNDECLARED_SELECTOR = YES;
				GCC_WARN_UNINITIALIZED_AUTOS = YES_AGGRESSIVE;
				GCC_WARN_UNUSED_FUNCTION = YES;
				GCC_WARN_UNUSED_VARIABLE = YES;
				IPHONEOS_DEPLOYMENT_TARGET = 18.5;
				LOCALIZATION_PREFERS_STRING_CATALOGS = YES;
				MTL_ENABLE_DEBUG_INFO = INCLUDE_SOURCE;
				MTL_FAST_MATH = YES;
				ONLY_ACTIVE_ARCH = YES;
				SDKROOT = iphoneos;
				SWIFT_ACTIVE_COMPILATION_CONDITIONS = "DEBUG $(inherited)";
				SWIFT_OPTIMIZATION_LEVEL = "-Onone";
			};
			name = Debug;
		};
		B46ED19E2DEB18D900A003C5 /* Release */ = {
			isa = XCBuildConfiguration;
			buildSettings = {
				ALWAYS_SEARCH_USER_PATHS = NO;
				ASSETCATALOG_COMPILER_GENERATE_SWIFT_ASSET_SYMBOL_EXTENSIONS = YES;
				CLANG_ANALYZER_NONNULL = YES;
				CLANG_ANALYZER_NUMBER_OBJECT_CONVERSION = YES_AGGRESSIVE;
				CLANG_CXX_LANGUAGE_STANDARD = "gnu++20";
				CLANG_ENABLE_MODULES = YES;
				CLANG_ENABLE_OBJC_ARC = YES;
				CLANG_ENABLE_OBJC_WEAK = YES;
				CLANG_WARN_BLOCK_CAPTURE_AUTORELEASING = YES;
				CLANG_WARN_BOOL_CONVERSION = YES;
				CLANG_WARN_COMMA = YES;
				CLANG_WARN_CONSTANT_CONVERSION = YES;
				CLANG_WARN_DEPRECATED_OBJC_IMPLEMENTATIONS = YES;
				CLANG_WARN_DIRECT_OBJC_ISA_USAGE = YES_ERROR;
				CLANG_WARN_DOCUMENTATION_COMMENTS = YES;
				CLANG_WARN_EMPTY_BODY = YES;
				CLANG_WARN_ENUM_CONVERSION = YES;
				CLANG_WARN_INFINITE_RECURSION = YES;
				CLANG_WARN_INT_CONVERSION = YES;
				CLANG_WARN_NON_LITERAL_NULL_CONVERSION = YES;
				CLANG_WARN_OBJC_IMPLICIT_RETAIN_SELF = YES;
				CLANG_WARN_OBJC_LITERAL_CONVERSION = YES;
				CLANG_WARN_OBJC_ROOT_CLASS = YES_ERROR;
				CLANG_WARN_QUOTED_INCLUDE_IN_FRAMEWORK_HEADER = YES;
				CLANG_WARN_RANGE_LOOP_ANALYSIS = YES;
				CLANG_WARN_STRICT_PROTOTYPES = YES;
				CLANG_WARN_SUSPICIOUS_MOVE = YES;
				CLANG_WARN_UNGUARDED_AVAILABILITY = YES_AGGRESSIVE;
				CLANG_WARN_UNREACHABLE_CODE = YES;
				CLANG_WARN__DUPLICATE_METHOD_MATCH = YES;
				COPY_PHASE_STRIP = NO;
				DEBUG_INFORMATION_FORMAT = "dwarf-with-dsym";
				ENABLE_NS_ASSERTIONS = NO;
				ENABLE_STRICT_OBJC_MSGSEND = YES;
				ENABLE_USER_SCRIPT_SANDBOXING = YES;
				GCC_C_LANGUAGE_STANDARD = gnu17;
				GCC_NO_COMMON_BLOCKS = YES;
				GCC_WARN_64_TO_32_BIT_CONVERSION = YES;
				GCC_WARN_ABOUT_RETURN_TYPE = YES_ERROR;
				GCC_WARN_UNDECLARED_SELECTOR = YES;
				GCC_WARN_UNINITIALIZED_AUTOS = YES_AGGRESSIVE;
				GCC_WARN_UNUSED_FUNCTION = YES;
				GCC_WARN_UNUSED_VARIABLE = YES;
				IPHONEOS_DEPLOYMENT_TARGET = 18.5;
				LOCALIZATION_PREFERS_STRING_CATALOGS = YES;
				MTL_ENABLE_DEBUG_INFO = NO;
				MTL_FAST_MATH = YES;
				SDKROOT = iphoneos;
				SWIFT_COMPILATION_MODE = wholemodule;
				VALIDATE_PRODUCT = YES;
			};
			name = Release;
		};
		B46ED1A02DEB18D900A003C5 /* Debug */ = {
			isa = XCBuildConfiguration;
			buildSettings = {
				ASSETCATALOG_COMPILER_APPICON_NAME = AppIcon;
				ASSETCATALOG_COMPILER_GLOBAL_ACCENT_COLOR_NAME = AccentColor;
				CODE_SIGN_STYLE = Automatic;
				CURRENT_PROJECT_VERSION = 1;
				ENABLE_PREVIEWS = YES;
				GENERATE_INFOPLIST_FILE = YES;
				INFOPLIST_KEY_UIApplicationSceneManifest_Generation = YES;
				INFOPLIST_KEY_UIApplicationSupportsIndirectInputEvents = YES;
				INFOPLIST_KEY_UILaunchScreen_Generation = YES;
				INFOPLIST_KEY_UISupportedInterfaceOrientations_iPad = "UIInterfaceOrientationPortrait UIInterfaceOrientationPortraitUpsideDown UIInterfaceOrientationLandscapeLeft UIInterfaceOrientationLandscapeRight";
				INFOPLIST_KEY_UISupportedInterfaceOrientations_iPhone = "UIInterfaceOrientationPortrait UIInterfaceOrientationLandscapeLeft UIInterfaceOrientationLandscapeRight";
				LD_RUNPATH_SEARCH_PATHS = (
					"$(inherited)",
					"@executable_path/Frameworks",
				);
				MARKETING_VERSION = 1.0;
				PRODUCT_BUNDLE_IDENTIFIER = org.harundemir.swifttodo;
				PRODUCT_NAME = "$(TARGET_NAME)";
				SWIFT_EMIT_LOC_STRINGS = YES;
				SWIFT_VERSION = 5.0;
				TARGETED_DEVICE_FAMILY = "1,2";
			};
			name = Debug;
		};
		B46ED1A12DEB18D900A003C5 /* Release */ = {
			isa = XCBuildConfiguration;
			buildSettings = {
				ASSETCATALOG_COMPILER_APPICON_NAME = AppIcon;
				ASSETCATALOG_COMPILER_GLOBAL_ACCENT_COLOR_NAME = AccentColor;
				CODE_SIGN_STYLE = Automatic;
				CURRENT_PROJECT_VERSION = 1;
				ENABLE_PREVIEWS = YES;
				GENERATE_INFOPLIST_FILE = YES;
				INFOPLIST_KEY_UIApplicationSceneManifest_Generation = YES;
				INFOPLIST_KEY_UIApplicationSupportsIndirectInputEvents = YES;
				INFOPLIST_KEY_UILaunchScreen_Generation = YES;
				INFOPLIST_KEY_UISupportedInterfaceOrientations_iPad = "UIInterfaceOrientationPortrait UIInterfaceOrientationPortraitUpsideDown UIInterfaceOrientationLandscapeLeft UIInterfaceOrientationLandscapeRight";
				INFOPLIST_KEY_UISupportedInterfaceOrientations_iPhone = "UIInterfaceOrientationPortrait UIInterfaceOrientationLandscapeLeft UIInterfaceOrientationLandscapeRight";
				LD_RUNPATH_SEARCH_PATHS = (
					"$(inherited)",
					"@executable_path/Frameworks",
				);
				MARKETING_VERSION = 1.0;
				PRODUCT_BUNDLE_IDENTIFIER = org.harundemir.swifttodo;
				PRODUCT_NAME = "$(TARGET_NAME)";
				SWIFT_EMIT_LOC_STRINGS = YES;
				SWIFT_VERSION = 5.0;
				TARGETED_DEVICE_FAMILY = "1,2";
			};
			name = Release;
		};
		B46ED1A32DEB18D900A003C5 /* Debug */ = {
			isa = XCBuildConfiguration;
			buildSettings = {
				BUNDLE_LOADER = "$(TEST_HOST)";
				CODE_SIGN_STYLE = Automatic;
				CURRENT_PROJECT_VERSION = 1;
				GENERATE_INFOPLIST_FILE = YES;
				IPHONEOS_DEPLOYMENT_TARGET = 18.5;
				MARKETING_VERSION = 1.0;
				PRODUCT_BUNDLE_IDENTIFIER = org.harundemir.swifttodoTests;
				PRODUCT_NAME = "$(TARGET_NAME)";
				SWIFT_EMIT_LOC_STRINGS = NO;
				SWIFT_VERSION = 5.0;
				TARGETED_DEVICE_FAMILY = "1,2";
				TEST_HOST = "$(BUILT_PRODUCTS_DIR)/swifttodo.app/$(BUNDLE_EXECUTABLE_FOLDER_PATH)/swifttodo";
			};
			name = Debug;
		};
		B46ED1A42DEB18D900A003C5 /* Release */ = {
			isa = XCBuildConfiguration;
			buildSettings = {
				BUNDLE_LOADER = "$(TEST_HOST)";
				CODE_SIGN_STYLE = Automatic;
				CURRENT_PROJECT_VERSION = 1;
				GENERATE_INFOPLIST_FILE = YES;
				IPHONEOS_DEPLOYMENT_TARGET = 18.5;
				MARKETING_VERSION = 1.0;
				PRODUCT_BUNDLE_IDENTIFIER = org.harundemir.swifttodoTests;
				PRODUCT_NAME = "$(TARGET_NAME)";
				SWIFT_EMIT_LOC_STRINGS = NO;
				SWIFT_VERSION = 5.0;
				TARGETED_DEVICE_FAMILY = "1,2";
				TEST_HOST = "$(BUILT_PRODUCTS_DIR)/swifttodo.app/$(BUNDLE_EXECUTABLE_FOLDER_PATH)/swifttodo";
			};
			name = Release;
		};
		B46ED1A62DEB18D900A003C5 /* Debug */ = {
			isa = XCBuildConfiguration;
			buildSettings = {
				CODE_SIGN_STYLE = Automatic;
				CURRENT_PROJECT_VERSION = 1;
				GENERATE_INFOPLIST_FILE = YES;
				MARKETING_VERSION = 1.0;
				PRODUCT_BUNDLE_IDENTIFIER = org.harundemir.swifttodoUITests;
				PRODUCT_NAME = "$(TARGET_NAME)";
				SWIFT_EMIT_LOC_STRINGS = NO;
				SWIFT_VERSION = 5.0;
				TARGETED_DEVICE_FAMILY = "1,2";
				TEST_TARGET_NAME = swifttodo;
			};
			name = Debug;
		};
		B46ED1A72DEB18D900A003C5 /* Release */ = {
			isa = XCBuildConfiguration;
			buildSettings = {
				CODE_SIGN_STYLE = Automatic;
				CURRENT_PROJECT_VERSION = 1;
				GENERATE_INFOPLIST_FILE = YES;
				MARKETING_VERSION = 1.0;
				PRODUCT_BUNDLE_IDENTIFIER = org.harundemir.swifttodoUITests;
				PRODUCT_NAME = "$(TARGET_NAME)";
				SWIFT_EMIT_LOC_STRINGS = NO;
				SWIFT_VERSION = 5.0;
				TARGETED_DEVICE_FAMILY = "1,2";
				TEST_TARGET_NAME = swifttodo;
			};
			name = Release;
		};
/* End XCBuildConfiguration section */

/* Begin XCConfigurationList section */
		B46ED1792DEB18D700A003C5 /* Build configuration list for PBXProject "swifttodo" */ = {
			isa = XCConfigurationList;
			buildConfigurations = (
				B46ED19D2DEB18D900A003C5 /* Debug */,
				B46ED19E2DEB18D900A003C5 /* Release */,
			);
			defaultConfigurationIsVisible = 0;
			defaultConfigurationName = Release;
		};
		B46ED19F2DEB18D900A003C5 /* Build configuration list for PBXNativeTarget "swifttodo" */ = {
			isa = XCConfigurationList;
			buildConfigurations = (
				B46ED1A02DEB18D900A003C5 /* Debug */,
				B46ED1A12DEB18D900A003C5 /* Release */,
			);
			defaultConfigurationIsVisible = 0;
			defaultConfigurationName = Release;
		};
		B46ED1A22DEB18D900A003C5 /* Build configuration list for PBXNativeTarget "swifttodoTests" */ = {
			isa = XCConfigurationList;
			buildConfigurations = (
				B46ED1A32DEB18D900A003C5 /* Debug */,
				B46ED1A42DEB18D900A003C5 /* Release */,
			);
			defaultConfigurationIsVisible = 0;
			defaultConfigurationName = Release;
		};
		B46ED1A52DEB18D900A003C5 /* Build configuration list for PBXNativeTarget "swifttodoUITests" */ = {
			isa = XCConfigurationList;
			buildConfigurations = (
				B46ED1A62DEB18D900A003C5 /* Debug */,
				B46ED1A72DEB18D900A003C5 /* Release */,
			);
			defaultConfigurationIsVisible = 0;
			defaultConfigurationName = Release;
		};
/* End XCConfigurationList section */
	};
	rootObject = B46ED1762DEB18D700A003C5 /* Project object */;
}
